
Microsoft Visual Studio Solution File, Format Version 10.00
# Visual Studio 2008
Project("{F184B08F-C81C-45F6-A57F-5ABD9991F28F}") = "LibraryJustSayHi", "LibraryJustSayHi.vbproj", "{9481D5C4-B91A-47C4-81B4-17A637E27ABB}"
EndProject
Project("{F184B08F-C81C-45F6-A57F-5ABD9991F28F}") = "UseSayHi", "..\UseSayHi\UseSayHi.vbproj", "{AEA990F0-BE58-4FA5-A3B6-1E1BCBCA48B8}"
EndProject
Global
	GlobalSection(SolutionConfigurationPlatforms) = preSolution
		Debug|Any CPU = Debug|Any CPU
		Release|Any CPU = Release|Any CPU
	EndGlobalSection
	GlobalSection(ProjectConfigurationPlatforms) = postSolution
		{9481D5C4-B91A-47C4-81B4-17A637E27ABB}.Debug|Any CPU.ActiveCfg = Debug|Any CPU
		{9481D5C4-B91A-47C4-81B4-17A637E27ABB}.Debug|Any CPU.Build.0 = Debug|Any CPU
		{9481D5C4-B91A-47C4-81B4-17A637E27ABB}.Release|Any CPU.ActiveCfg = Release|Any CPU
		{9481D5C4-B91A-47C4-81B4-17A637E27ABB}.Release|Any CPU.Build.0 = Release|Any CPU
		{AEA990F0-BE58-4FA5-A3B6-1E1BCBCA48B8}.Debug|Any CPU.ActiveCfg = Debug|Any CPU
		{AEA990F0-BE58-4FA5-A3B6-1E1BCBCA48B8}.Debug|Any CPU.Build.0 = Debug|Any CPU
		{AEA990F0-BE58-4FA5-A3B6-1E1BCBCA48B8}.Debug|Any CPU.Deploy.0 = Debug|Any CPU
		{AEA990F0-BE58-4FA5-A3B6-1E1BCBCA48B8}.Release|Any CPU.ActiveCfg = Release|Any CPU
		{AEA990F0-BE58-4FA5-A3B6-1E1BCBCA48B8}.Release|Any CPU.Build.0 = Release|Any CPU
		{AEA990F0-BE58-4FA5-A3B6-1E1BCBCA48B8}.Release|Any CPU.Deploy.0 = Release|Any CPU
	EndGlobalSection
	GlobalSection(SolutionProperties) = preSolution
		HideSolutionNode = FALSE
	EndGlobalSection
EndGlobal
