
Microsoft Visual Studio Solution File, Format Version 12.00
# Visual Studio 14
VisualStudioVersion = 14.0.23107.0
MinimumVisualStudioVersion = 10.0.40219.1
Project("{F184B08F-C81C-45F6-A57F-5ABD9991F28F}") = "BMPtoBitmap", "BMPtoBitmap\BMPtoBitmap.vbproj", "{CEEDA164-C947-4AFB-90EA-654FD4EA9C22}"
EndProject
Project("{2150E333-8FDC-42A3-9474-1A3956D46DE8}") = "Solution Items", "Solution Items", "{0C9E61F9-9871-4F5B-8165-EF9C4CE163AC}"
EndProject
Global
	GlobalSection(SolutionConfigurationPlatforms) = preSolution
		Debug|Any CPU = Debug|Any CPU
		Release|Any CPU = Release|Any CPU
	EndGlobalSection
	GlobalSection(ProjectConfigurationPlatforms) = postSolution
		{CEEDA164-C947-4AFB-90EA-654FD4EA9C22}.Debug|Any CPU.ActiveCfg = Debug|Any CPU
		{CEEDA164-C947-4AFB-90EA-654FD4EA9C22}.Debug|Any CPU.Build.0 = Debug|Any CPU
		{CEEDA164-C947-4AFB-90EA-654FD4EA9C22}.Release|Any CPU.ActiveCfg = Release|Any CPU
		{CEEDA164-C947-4AFB-90EA-654FD4EA9C22}.Release|Any CPU.Build.0 = Release|Any CPU
	EndGlobalSection
	GlobalSection(SolutionProperties) = preSolution
		HideSolutionNode = FALSE
	EndGlobalSection
EndGlobal
